
Microsoft Visual Studio Solution File, Format Version 12.00
# Visual Studio 15
VisualStudioVersion = 15.0.28307.329
MinimumVisualStudioVersion = 10.0.40219.1
Project("{FAE04EC0-301F-11D3-BF4B-00C04F79EFBC}") = "MusicSorter", "MusicSorter\MusicSorter.csproj", "{57647594-C499-4DB3-A837-31E66876DBB2}"
EndProject
Project("{54435603-DBB4-11D2-8724-00A0C9A8B90C}") = "Setup1", "Setup1\Setup1.vdproj", "{41208EDF-94EF-4C8B-A5BE-42A962C3A2A3}"
EndProject
Global
	GlobalSection(SolutionConfigurationPlatforms) = preSolution
		Debug|Any CPU = Debug|Any CPU
		Release|Any CPU = Release|Any CPU
	EndGlobalSection
	GlobalSection(ProjectConfigurationPlatforms) = postSolution
		{57647594-C499-4DB3-A837-31E66876DBB2}.Debug|Any CPU.ActiveCfg = Debug|Any CPU
		{57647594-C499-4DB3-A837-31E66876DBB2}.Debug|Any CPU.Build.0 = Debug|Any CPU
		{57647594-C499-4DB3-A837-31E66876DBB2}.Release|Any CPU.ActiveCfg = Release|Any CPU
		{57647594-C499-4DB3-A837-31E66876DBB2}.Release|Any CPU.Build.0 = Release|Any CPU
		{41208EDF-94EF-4C8B-A5BE-42A962C3A2A3}.Debug|Any CPU.ActiveCfg = Debug
		{41208EDF-94EF-4C8B-A5BE-42A962C3A2A3}.Release|Any CPU.ActiveCfg = Release
	EndGlobalSection
	GlobalSection(SolutionProperties) = preSolution
		HideSolutionNode = FALSE
	EndGlobalSection
	GlobalSection(ExtensibilityGlobals) = postSolution
		SolutionGuid = {AF7120E2-5FF9-4261-AF56-0070E3FB4F98}
	EndGlobalSection
EndGlobal
